
Microsoft Visual Studio Solution File, Format Version 12.00
# Visual Studio 14
VisualStudioVersion = 14.0.24720.0
MinimumVisualStudioVersion = 10.0.40219.1
Project("{8BC9CEB8-8B4A-11D0-8D11-00A0C91BC942}") = "Socket_Webserver", "Socket_Webserver\Socket_Webserver.vcxproj", "{ABE42F8C-4CA8-4E0A-8BC3-D43ACA72A13C}"
EndProject
Project("{8BC9CEB8-8B4A-11D0-8D11-00A0C91BC942}") = "Dos_UDP", "..\Dos_TCP\Dos_UDP\Dos_UDP.vcxproj", "{4CFCC974-667B-42DA-8D91-5D048A4E68AE}"
EndProject
Global
	GlobalSection(SolutionConfigurationPlatforms) = preSolution
		Debug|x64 = Debug|x64
		Debug|x86 = Debug|x86
		Release|x64 = Release|x64
		Release|x86 = Release|x86
	EndGlobalSection
	GlobalSection(ProjectConfigurationPlatforms) = postSolution
		{ABE42F8C-4CA8-4E0A-8BC3-D43ACA72A13C}.Debug|x64.ActiveCfg = Debug|x64
		{ABE42F8C-4CA8-4E0A-8BC3-D43ACA72A13C}.Debug|x64.Build.0 = Debug|x64
		{ABE42F8C-4CA8-4E0A-8BC3-D43ACA72A13C}.Debug|x86.ActiveCfg = Debug|Win32
		{ABE42F8C-4CA8-4E0A-8BC3-D43ACA72A13C}.Debug|x86.Build.0 = Debug|Win32
		{ABE42F8C-4CA8-4E0A-8BC3-D43ACA72A13C}.Release|x64.ActiveCfg = Release|x64
		{ABE42F8C-4CA8-4E0A-8BC3-D43ACA72A13C}.Release|x64.Build.0 = Release|x64
		{ABE42F8C-4CA8-4E0A-8BC3-D43ACA72A13C}.Release|x86.ActiveCfg = Release|Win32
		{ABE42F8C-4CA8-4E0A-8BC3-D43ACA72A13C}.Release|x86.Build.0 = Release|Win32
		{4CFCC974-667B-42DA-8D91-5D048A4E68AE}.Debug|x64.ActiveCfg = Debug|x64
		{4CFCC974-667B-42DA-8D91-5D048A4E68AE}.Debug|x64.Build.0 = Debug|x64
		{4CFCC974-667B-42DA-8D91-5D048A4E68AE}.Debug|x86.ActiveCfg = Debug|Win32
		{4CFCC974-667B-42DA-8D91-5D048A4E68AE}.Debug|x86.Build.0 = Debug|Win32
		{4CFCC974-667B-42DA-8D91-5D048A4E68AE}.Release|x64.ActiveCfg = Release|x64
		{4CFCC974-667B-42DA-8D91-5D048A4E68AE}.Release|x64.Build.0 = Release|x64
		{4CFCC974-667B-42DA-8D91-5D048A4E68AE}.Release|x86.ActiveCfg = Release|Win32
		{4CFCC974-667B-42DA-8D91-5D048A4E68AE}.Release|x86.Build.0 = Release|Win32
	EndGlobalSection
	GlobalSection(SolutionProperties) = preSolution
		HideSolutionNode = FALSE
	EndGlobalSection
EndGlobal
